<?xml version="1.0" encoding="utf-8"?>
<Project ToolsVersion="4.0" xmlns="http://schemas.microsoft.com/developer/msbuild/2003">
  <ItemGroup>
    <Filter Include="Aor">
      <UniqueIdentifier>{27D6870B-93DF-877C-1C5B-9E7C8863937C}</UniqueIdentifier>
    </Filter>
  </ItemGroup>
  <ItemGroup>
    <ClInclude Include="src\Aor.h" />
    <ClInclude Include="src\Aor\Application.h">
      <Filter>Aor</Filter>
    </ClInclude>
    <ClInclude Include="src\Aor\Core.h">
      <Filter>Aor</Filter>
    </ClInclude>
    <ClInclude Include="src\Aor\EntryPoint.h">
      <Filter>Aor</Filter>
    </ClInclude>
    <ClInclude Include="src\Aor\Log.h">
      <Filter>Aor</Filter>
    </ClInclude>
    <ClInclude Include="src\Test.h" />
  </ItemGroup>
  <ItemGroup>
    <ClCompile Include="src\Aor\Application.cpp">
      <Filter>Aor</Filter>
    </ClCompile>
    <ClCompile Include="src\Aor\Log.cpp">
      <Filter>Aor</Filter>
    </ClCompile>
    <ClCompile Include="src\Test.cpp" />
  </ItemGroup>
</Project>